
Microsoft Visual Studio Solution File, Format Version 12.00
# Visual Studio 16
Project("{FAE04EC0-301F-11D3-BF4B-00C04F79EFBC}") = "Assembly-CSharp", "Assembly-CSharp.csproj", "{F7EB726E-FD32-E882-618A-27A48C39D0BC}"
EndProject
Project("{FAE04EC0-301F-11D3-BF4B-00C04F79EFBC}") = "Assembly-CSharp-Editor", "Assembly-CSharp-Editor.csproj", "{CEC95780-8E3B-7E48-8871-1D51DDBD9431}"
EndProject
Global
	GlobalSection(SolutionConfigurationPlatforms) = preSolution
		Debug|Any CPU = Debug|Any CPU
		Release|Any CPU = Release|Any CPU
	EndGlobalSection
	GlobalSection(ProjectConfigurationPlatforms) = postSolution
		{F7EB726E-FD32-E882-618A-27A48C39D0BC}.Debug|Any CPU.ActiveCfg = Debug|Any CPU
		{F7EB726E-FD32-E882-618A-27A48C39D0BC}.Debug|Any CPU.Build.0 = Debug|Any CPU
		{F7EB726E-FD32-E882-618A-27A48C39D0BC}.Release|Any CPU.ActiveCfg = Release|Any CPU
		{F7EB726E-FD32-E882-618A-27A48C39D0BC}.Release|Any CPU.Build.0 = Release|Any CPU
		{CEC95780-8E3B-7E48-8871-1D51DDBD9431}.Debug|Any CPU.ActiveCfg = Debug|Any CPU
		{CEC95780-8E3B-7E48-8871-1D51DDBD9431}.Debug|Any CPU.Build.0 = Debug|Any CPU
		{CEC95780-8E3B-7E48-8871-1D51DDBD9431}.Release|Any CPU.ActiveCfg = Release|Any CPU
		{CEC95780-8E3B-7E48-8871-1D51DDBD9431}.Release|Any CPU.Build.0 = Release|Any CPU
	EndGlobalSection
	GlobalSection(SolutionProperties) = preSolution
		HideSolutionNode = FALSE
	EndGlobalSection
EndGlobal
